
Microsoft Visual Studio Solution File, Format Version 12.00
# Visual Studio 15
VisualStudioVersion = 15.0.28307.645
MinimumVisualStudioVersion = 10.0.40219.1
Project("{FAE04EC0-301F-11D3-BF4B-00C04F79EFBC}") = "ParkingLotWebApi", "ParkingLotWebApi\ParkingLotWebApi.csproj", "{48B91281-B47D-420E-9825-88303DD9ED77}"
EndProject
Project("{FAE04EC0-301F-11D3-BF4B-00C04F79EFBC}") = "ParkingLotClient", "ParkingLotClient\ParkingLotClient.csproj", "{3A3C877A-8B55-419A-9441-84ADCEB2C310}"
EndProject
Global
	GlobalSection(SolutionConfigurationPlatforms) = preSolution
		Debug|Any CPU = Debug|Any CPU
		Release|Any CPU = Release|Any CPU
	EndGlobalSection
	GlobalSection(ProjectConfigurationPlatforms) = postSolution
		{48B91281-B47D-420E-9825-88303DD9ED77}.Debug|Any CPU.ActiveCfg = Debug|Any CPU
		{48B91281-B47D-420E-9825-88303DD9ED77}.Debug|Any CPU.Build.0 = Debug|Any CPU
		{48B91281-B47D-420E-9825-88303DD9ED77}.Release|Any CPU.ActiveCfg = Release|Any CPU
		{48B91281-B47D-420E-9825-88303DD9ED77}.Release|Any CPU.Build.0 = Release|Any CPU
		{3A3C877A-8B55-419A-9441-84ADCEB2C310}.Debug|Any CPU.ActiveCfg = Debug|Any CPU
		{3A3C877A-8B55-419A-9441-84ADCEB2C310}.Debug|Any CPU.Build.0 = Debug|Any CPU
		{3A3C877A-8B55-419A-9441-84ADCEB2C310}.Release|Any CPU.ActiveCfg = Release|Any CPU
		{3A3C877A-8B55-419A-9441-84ADCEB2C310}.Release|Any CPU.Build.0 = Release|Any CPU
	EndGlobalSection
	GlobalSection(SolutionProperties) = preSolution
		HideSolutionNode = FALSE
	EndGlobalSection
	GlobalSection(ExtensibilityGlobals) = postSolution
		SolutionGuid = {52F516B9-EA5E-4871-81CC-9C394578BB3D}
	EndGlobalSection
EndGlobal
